
Microsoft Visual Studio Solution File, Format Version 11.00
# Visual Studio 2010
Project("{FAE04EC0-301F-11D3-BF4B-00C04F79EFBC}") = "Capisa.Web", "Capisa.Web\Capisa.Web.csproj", "{17187438-D027-4FB4-AC02-6F063CD676AC}"
EndProject
Global
	GlobalSection(SolutionConfigurationPlatforms) = preSolution
		Debug|Any CPU = Debug|Any CPU
		Release|Any CPU = Release|Any CPU
	EndGlobalSection
	GlobalSection(ProjectConfigurationPlatforms) = postSolution
		{17187438-D027-4FB4-AC02-6F063CD676AC}.Debug|Any CPU.ActiveCfg = Debug|Any CPU
		{17187438-D027-4FB4-AC02-6F063CD676AC}.Debug|Any CPU.Build.0 = Debug|Any CPU
		{17187438-D027-4FB4-AC02-6F063CD676AC}.Release|Any CPU.ActiveCfg = Release|Any CPU
		{17187438-D027-4FB4-AC02-6F063CD676AC}.Release|Any CPU.Build.0 = Release|Any CPU
	EndGlobalSection
	GlobalSection(SolutionProperties) = preSolution
		HideSolutionNode = FALSE
	EndGlobalSection
EndGlobal
